
Microsoft Visual Studio Solution File, Format Version 12.00
# Visual Studio Version 16
VisualStudioVersion = 16.0.34902.97
MinimumVisualStudioVersion = 10.0.40219.1
Project("{FAE04EC0-301F-11D3-BF4B-00C04F79EFBC}") = "AVISecureCore", "AVISecureCore\AVISecureCore.csproj", "{AD7081B4-D50F-4520-A41A-E260A735BDAF}"
EndProject
Project("{FAE04EC0-301F-11D3-BF4B-00C04F79EFBC}") = "AVISC_Pantallas", "AVISC_Pantallas\AVISC_Pantallas.csproj", "{E63FAC63-C1E6-44C1-BB30-65ED68D83745}"
EndProject
Project("{FAE04EC0-301F-11D3-BF4B-00C04F79EFBC}") = "AVIDataAccess", "AVIDataAccess\AVIDataAccess.csproj", "{F536E5E3-DCB2-4795-BA07-0070C324619F}"
EndProject
Project("{FAE04EC0-301F-11D3-BF4B-00C04F79EFBC}") = "AVISC_BaseForms", "AVISC_BaseForms\AVISC_BaseForms.csproj", "{5C169A50-F0C1-409C-8ABB-1994C5BA4096}"
EndProject
Project("{FAE04EC0-301F-11D3-BF4B-00C04F79EFBC}") = "AVISC_Global", "AVISC_Global\AVISC_Global.csproj", "{F195F66B-E1FC-47EB-A583-0A07F3BC3F94}"
EndProject
Project("{FAE04EC0-301F-11D3-BF4B-00C04F79EFBC}") = "AVISC_Maintenance", "AVISC_Maintenance\AVISC_Maintenance.csproj", "{72827DFF-D9FB-440D-939F-5402B3A24244}"
EndProject
Project("{FAE04EC0-301F-11D3-BF4B-00C04F79EFBC}") = "AVISC_Controles", "AVISC_Controles\AVISC_Controles.csproj", "{8BFE8F4B-2EBF-4D49-AFF9-E440FD256796}"
EndProject
Project("{FAE04EC0-301F-11D3-BF4B-00C04F79EFBC}") = "MantRangs", "MantRangs\MantRangs.csproj", "{65F141C9-0946-40F1-B4AA-E37EC07FA64A}"
EndProject
Project("{FAE04EC0-301F-11D3-BF4B-00C04F79EFBC}") = "Planets", "Planets\Planets.csproj", "{9EB62ED3-0445-447D-BEC7-E29622D0D718}"
EndProject
Project("{FAE04EC0-301F-11D3-BF4B-00C04F79EFBC}") = "SpaceShipCategories", "SpaceShipCategories\SpaceShipCategories.csproj", "{1919B8A4-BB14-48C1-8E69-925323DB4674}"
EndProject
Project("{FAE04EC0-301F-11D3-BF4B-00C04F79EFBC}") = "SpaceShipTypes", "SpaceShipTypes\SpaceShipTypes.csproj", "{247DEB5B-E561-401A-B787-2AB1BCE3D55F}"
EndProject
Project("{FAE04EC0-301F-11D3-BF4B-00C04F79EFBC}") = "MenuOptions", "MantOpcions\MenuOptions.csproj", "{7A871347-9554-4049-B35A-516B23502624}"
EndProject
Project("{FAE04EC0-301F-11D3-BF4B-00C04F79EFBC}") = "UserCategories", "UserCategories\UserCategories.csproj", "{96FFADC2-FD84-4C15-ABC6-63CCCFBC6841}"
EndProject
Project("{FAE04EC0-301F-11D3-BF4B-00C04F79EFBC}") = "Users", "Users\Users.csproj", "{79FCACCA-9743-4707-A972-371F8A00B994}"
EndProject
Project("{FAE04EC0-301F-11D3-BF4B-00C04F79EFBC}") = "AVISC_CrystalReport", "AVISC_CrystalReport\AVISC_CrystalReport.csproj", "{6294BC93-6FFD-4755-8F0B-0B00F14FE599}"
EndProject
Project("{7CF6DF6D-3B04-46F8-A40B-537D21BCA0B4}") = "AVIDocumentation", "AVIDocumentation\AVIDocumentation.shfbproj", "{B70B742E-A4A0-4512-BFAD-F379F3331F63}"
EndProject
Global
	GlobalSection(SolutionConfigurationPlatforms) = preSolution
		Debug|Any CPU = Debug|Any CPU
		Release|Any CPU = Release|Any CPU
	EndGlobalSection
	GlobalSection(ProjectConfigurationPlatforms) = postSolution
		{AD7081B4-D50F-4520-A41A-E260A735BDAF}.Debug|Any CPU.ActiveCfg = Debug|Any CPU
		{AD7081B4-D50F-4520-A41A-E260A735BDAF}.Debug|Any CPU.Build.0 = Debug|Any CPU
		{AD7081B4-D50F-4520-A41A-E260A735BDAF}.Release|Any CPU.ActiveCfg = Release|Any CPU
		{AD7081B4-D50F-4520-A41A-E260A735BDAF}.Release|Any CPU.Build.0 = Release|Any CPU
		{E63FAC63-C1E6-44C1-BB30-65ED68D83745}.Debug|Any CPU.ActiveCfg = Debug|Any CPU
		{E63FAC63-C1E6-44C1-BB30-65ED68D83745}.Debug|Any CPU.Build.0 = Debug|Any CPU
		{E63FAC63-C1E6-44C1-BB30-65ED68D83745}.Release|Any CPU.ActiveCfg = Release|Any CPU
		{E63FAC63-C1E6-44C1-BB30-65ED68D83745}.Release|Any CPU.Build.0 = Release|Any CPU
		{F536E5E3-DCB2-4795-BA07-0070C324619F}.Debug|Any CPU.ActiveCfg = Debug|Any CPU
		{F536E5E3-DCB2-4795-BA07-0070C324619F}.Debug|Any CPU.Build.0 = Debug|Any CPU
		{F536E5E3-DCB2-4795-BA07-0070C324619F}.Release|Any CPU.ActiveCfg = Release|Any CPU
		{F536E5E3-DCB2-4795-BA07-0070C324619F}.Release|Any CPU.Build.0 = Release|Any CPU
		{5C169A50-F0C1-409C-8ABB-1994C5BA4096}.Debug|Any CPU.ActiveCfg = Debug|Any CPU
		{5C169A50-F0C1-409C-8ABB-1994C5BA4096}.Debug|Any CPU.Build.0 = Debug|Any CPU
		{5C169A50-F0C1-409C-8ABB-1994C5BA4096}.Release|Any CPU.ActiveCfg = Release|Any CPU
		{5C169A50-F0C1-409C-8ABB-1994C5BA4096}.Release|Any CPU.Build.0 = Release|Any CPU
		{F195F66B-E1FC-47EB-A583-0A07F3BC3F94}.Debug|Any CPU.ActiveCfg = Debug|Any CPU
		{F195F66B-E1FC-47EB-A583-0A07F3BC3F94}.Debug|Any CPU.Build.0 = Debug|Any CPU
		{F195F66B-E1FC-47EB-A583-0A07F3BC3F94}.Release|Any CPU.ActiveCfg = Release|Any CPU
		{F195F66B-E1FC-47EB-A583-0A07F3BC3F94}.Release|Any CPU.Build.0 = Release|Any CPU
		{72827DFF-D9FB-440D-939F-5402B3A24244}.Debug|Any CPU.ActiveCfg = Debug|Any CPU
		{72827DFF-D9FB-440D-939F-5402B3A24244}.Debug|Any CPU.Build.0 = Debug|Any CPU
		{72827DFF-D9FB-440D-939F-5402B3A24244}.Release|Any CPU.ActiveCfg = Release|Any CPU
		{72827DFF-D9FB-440D-939F-5402B3A24244}.Release|Any CPU.Build.0 = Release|Any CPU
		{8BFE8F4B-2EBF-4D49-AFF9-E440FD256796}.Debug|Any CPU.ActiveCfg = Debug|Any CPU
		{8BFE8F4B-2EBF-4D49-AFF9-E440FD256796}.Debug|Any CPU.Build.0 = Debug|Any CPU
		{8BFE8F4B-2EBF-4D49-AFF9-E440FD256796}.Release|Any CPU.ActiveCfg = Release|Any CPU
		{8BFE8F4B-2EBF-4D49-AFF9-E440FD256796}.Release|Any CPU.Build.0 = Release|Any CPU
		{65F141C9-0946-40F1-B4AA-E37EC07FA64A}.Debug|Any CPU.ActiveCfg = Debug|Any CPU
		{65F141C9-0946-40F1-B4AA-E37EC07FA64A}.Debug|Any CPU.Build.0 = Debug|Any CPU
		{65F141C9-0946-40F1-B4AA-E37EC07FA64A}.Release|Any CPU.ActiveCfg = Release|Any CPU
		{65F141C9-0946-40F1-B4AA-E37EC07FA64A}.Release|Any CPU.Build.0 = Release|Any CPU
		{9EB62ED3-0445-447D-BEC7-E29622D0D718}.Debug|Any CPU.ActiveCfg = Debug|Any CPU
		{9EB62ED3-0445-447D-BEC7-E29622D0D718}.Debug|Any CPU.Build.0 = Debug|Any CPU
		{9EB62ED3-0445-447D-BEC7-E29622D0D718}.Release|Any CPU.ActiveCfg = Release|Any CPU
		{9EB62ED3-0445-447D-BEC7-E29622D0D718}.Release|Any CPU.Build.0 = Release|Any CPU
		{1919B8A4-BB14-48C1-8E69-925323DB4674}.Debug|Any CPU.ActiveCfg = Debug|Any CPU
		{1919B8A4-BB14-48C1-8E69-925323DB4674}.Debug|Any CPU.Build.0 = Debug|Any CPU
		{1919B8A4-BB14-48C1-8E69-925323DB4674}.Release|Any CPU.ActiveCfg = Release|Any CPU
		{1919B8A4-BB14-48C1-8E69-925323DB4674}.Release|Any CPU.Build.0 = Release|Any CPU
		{247DEB5B-E561-401A-B787-2AB1BCE3D55F}.Debug|Any CPU.ActiveCfg = Debug|Any CPU
		{247DEB5B-E561-401A-B787-2AB1BCE3D55F}.Debug|Any CPU.Build.0 = Debug|Any CPU
		{247DEB5B-E561-401A-B787-2AB1BCE3D55F}.Release|Any CPU.ActiveCfg = Release|Any CPU
		{247DEB5B-E561-401A-B787-2AB1BCE3D55F}.Release|Any CPU.Build.0 = Release|Any CPU
		{7A871347-9554-4049-B35A-516B23502624}.Debug|Any CPU.ActiveCfg = Debug|Any CPU
		{7A871347-9554-4049-B35A-516B23502624}.Debug|Any CPU.Build.0 = Debug|Any CPU
		{7A871347-9554-4049-B35A-516B23502624}.Release|Any CPU.ActiveCfg = Release|Any CPU
		{7A871347-9554-4049-B35A-516B23502624}.Release|Any CPU.Build.0 = Release|Any CPU
		{96FFADC2-FD84-4C15-ABC6-63CCCFBC6841}.Debug|Any CPU.ActiveCfg = Debug|Any CPU
		{96FFADC2-FD84-4C15-ABC6-63CCCFBC6841}.Debug|Any CPU.Build.0 = Debug|Any CPU
		{96FFADC2-FD84-4C15-ABC6-63CCCFBC6841}.Release|Any CPU.ActiveCfg = Release|Any CPU
		{96FFADC2-FD84-4C15-ABC6-63CCCFBC6841}.Release|Any CPU.Build.0 = Release|Any CPU
		{79FCACCA-9743-4707-A972-371F8A00B994}.Debug|Any CPU.ActiveCfg = Debug|Any CPU
		{79FCACCA-9743-4707-A972-371F8A00B994}.Debug|Any CPU.Build.0 = Debug|Any CPU
		{79FCACCA-9743-4707-A972-371F8A00B994}.Release|Any CPU.ActiveCfg = Release|Any CPU
		{79FCACCA-9743-4707-A972-371F8A00B994}.Release|Any CPU.Build.0 = Release|Any CPU
		{6294BC93-6FFD-4755-8F0B-0B00F14FE599}.Debug|Any CPU.ActiveCfg = Debug|Any CPU
		{6294BC93-6FFD-4755-8F0B-0B00F14FE599}.Debug|Any CPU.Build.0 = Debug|Any CPU
		{6294BC93-6FFD-4755-8F0B-0B00F14FE599}.Release|Any CPU.ActiveCfg = Release|Any CPU
		{6294BC93-6FFD-4755-8F0B-0B00F14FE599}.Release|Any CPU.Build.0 = Release|Any CPU
		{B70B742E-A4A0-4512-BFAD-F379F3331F63}.Debug|Any CPU.ActiveCfg = Debug|Any CPU
		{B70B742E-A4A0-4512-BFAD-F379F3331F63}.Debug|Any CPU.Build.0 = Debug|Any CPU
		{B70B742E-A4A0-4512-BFAD-F379F3331F63}.Release|Any CPU.ActiveCfg = Release|Any CPU
		{B70B742E-A4A0-4512-BFAD-F379F3331F63}.Release|Any CPU.Build.0 = Release|Any CPU
	EndGlobalSection
	GlobalSection(SolutionProperties) = preSolution
		HideSolutionNode = FALSE
	EndGlobalSection
	GlobalSection(ExtensibilityGlobals) = postSolution
		SolutionGuid = {0D18E823-634D-4762-B8F3-713A9927243B}
	EndGlobalSection
EndGlobal
